
Microsoft Visual Studio Solution File, Format Version 12.00
# Visual Studio Version 16
VisualStudioVersion = 16.0.29920.165
MinimumVisualStudioVersion = 10.0.40219.1
Project("{FAE04EC0-301F-11D3-BF4B-00C04F79EFBC}") = "tehtava19", "tehtava19\tehtava19.csproj", "{4EC667C8-3AF2-42D6-811D-53C8F2170155}"
EndProject
Global
	GlobalSection(SolutionConfigurationPlatforms) = preSolution
		Debug|Any CPU = Debug|Any CPU
		Release|Any CPU = Release|Any CPU
	EndGlobalSection
	GlobalSection(ProjectConfigurationPlatforms) = postSolution
		{4EC667C8-3AF2-42D6-811D-53C8F2170155}.Debug|Any CPU.ActiveCfg = Debug|Any CPU
		{4EC667C8-3AF2-42D6-811D-53C8F2170155}.Debug|Any CPU.Build.0 = Debug|Any CPU
		{4EC667C8-3AF2-42D6-811D-53C8F2170155}.Release|Any CPU.ActiveCfg = Release|Any CPU
		{4EC667C8-3AF2-42D6-811D-53C8F2170155}.Release|Any CPU.Build.0 = Release|Any CPU
	EndGlobalSection
	GlobalSection(SolutionProperties) = preSolution
		HideSolutionNode = FALSE
	EndGlobalSection
	GlobalSection(ExtensibilityGlobals) = postSolution
		SolutionGuid = {E94961A7-9EBA-4C17-85AB-B7F2BEF3011C}
	EndGlobalSection
EndGlobal
